github.com/ufukty/gohandlers v0.26.3-0.20250416121825-eb5ab8f71f81 h1:1r08PJU00L50wFqWsGyHUiU+bqsedhzOvs68iTWGhLg=
github.com/ufukty/gohandlers v0.26.3-0.20250416121825-eb5ab8f71f81/go.mod h1:hyhmo/u+O0QPwtrnd3b7UhK1zzgy/8OPqGt2xUA1W0E=
github.com/ufukty/gohandlers v0.34.0 h1:L/Y7FVzEtiuu83oOpIzGgiJYXMhGdVX5tfmoG3VFRNY=
github.com/ufukty/gohandlers v0.34.0/go.mod h1:B8KcHr+tcHIW5N82lP0iRPDDeZLtuVNKYhW/Vh/xz4A=
